
Microsoft Visual Studio Solution File, Format Version 12.00
# Visual Studio Version 17
VisualStudioVersion = 17.14.36414.22 d17.14
MinimumVisualStudioVersion = 10.0.40219.1
Project("{FAE04EC0-301F-11D3-BF4B-00C04F79EFBC}") = "FoodTime", "FoodTime.csproj", "{4A47F19D-6957-EA9C-18F1-3987CB119215}"
EndProject
Global
	GlobalSection(SolutionConfigurationPlatforms) = preSolution
		Debug|Any CPU = Debug|Any CPU
		Release|Any CPU = Release|Any CPU
	EndGlobalSection
	GlobalSection(ProjectConfigurationPlatforms) = postSolution
		{4A47F19D-6957-EA9C-18F1-3987CB119215}.Debug|Any CPU.ActiveCfg = Debug|Any CPU
		{4A47F19D-6957-EA9C-18F1-3987CB119215}.Debug|Any CPU.Build.0 = Debug|Any CPU
		{4A47F19D-6957-EA9C-18F1-3987CB119215}.Release|Any CPU.ActiveCfg = Release|Any CPU
		{4A47F19D-6957-EA9C-18F1-3987CB119215}.Release|Any CPU.Build.0 = Release|Any CPU
	EndGlobalSection
	GlobalSection(SolutionProperties) = preSolution
		HideSolutionNode = FALSE
	EndGlobalSection
	GlobalSection(ExtensibilityGlobals) = postSolution
		SolutionGuid = {FE7FA928-B662-43EE-8CC7-98BD651ADC0E}
	EndGlobalSection
EndGlobal
